
Microsoft Visual Studio Solution File, Format Version 12.00
# Visual Studio 15
VisualStudioVersion = 15.0.25831.0
MinimumVisualStudioVersion = 10.0.40219.1
Project("{2150E333-8FDC-42A3-9474-1A3956D46DE8}") = "src", "src", "{1CA84F49-8550-4132-B247-8CA1BBE63BDF}"
EndProject
Project("{FAE04EC0-301F-11D3-BF4B-00C04F79EFBC}") = "BikeSharing-Marketing", "src\BikeSharing-Marketing\BikeSharing-Marketing.csproj", "{A25999B8-B6C3-49E7-9A21-203AE98CAA7E}"
EndProject
Project("{2150E333-8FDC-42A3-9474-1A3956D46DE8}") = "Solution Items", "Solution Items", "{59E54935-1713-434A-AF2F-5B2217AB7B58}"
	ProjectSection(SolutionItems) = preProject
		docker-compose.ci.build.yml = docker-compose.ci.build.yml
	EndProjectSection
EndProject
Global
	GlobalSection(SolutionConfigurationPlatforms) = preSolution
		Debug|Any CPU = Debug|Any CPU
		Release|Any CPU = Release|Any CPU
	EndGlobalSection
	GlobalSection(ProjectConfigurationPlatforms) = postSolution
		{A25999B8-B6C3-49E7-9A21-203AE98CAA7E}.Debug|Any CPU.ActiveCfg = Debug|Any CPU
		{A25999B8-B6C3-49E7-9A21-203AE98CAA7E}.Debug|Any CPU.Build.0 = Debug|Any CPU
		{A25999B8-B6C3-49E7-9A21-203AE98CAA7E}.Release|Any CPU.ActiveCfg = Release|Any CPU
		{A25999B8-B6C3-49E7-9A21-203AE98CAA7E}.Release|Any CPU.Build.0 = Release|Any CPU
	EndGlobalSection
	GlobalSection(SolutionProperties) = preSolution
		HideSolutionNode = FALSE
	EndGlobalSection
	GlobalSection(NestedProjects) = preSolution
		{A25999B8-B6C3-49E7-9A21-203AE98CAA7E} = {1CA84F49-8550-4132-B247-8CA1BBE63BDF}
	EndGlobalSection
EndGlobal
